{
  "version": "5",
  "specifiers": {
    "jsr:@std/cli@^1.0.21": "1.0.21",
    "jsr:@std/encoding@^1.0.10": "1.0.10",
    "jsr:@std/fmt@^1.0.8": "1.0.8",
    "jsr:@std/fs@^1.0.19": "1.0.19",
    "jsr:@std/html@^1.0.4": "1.0.4",
    "jsr:@std/http@^1.0.19": "1.0.20",
    "jsr:@std/internal@^1.0.9": "1.0.10",
    "jsr:@std/media-types@^1.1.0": "1.1.0",
    "jsr:@std/net@^1.0.4": "1.0.4",
    "jsr:@std/path@^1.1.1": "1.1.1",
    "jsr:@std/streams@^1.0.10": "1.0.10",
    "npm:js-yaml@4.1.0": "4.1.0",
    "npm:ts-blank-space@0.6.1": "0.6.1"
  },
  "jsr": {
    "@std/cli@1.0.21": {
      "integrity": "cd25b050bdf6282e321854e3822bee624f07aca7636a3a76d95f77a3a919ca2a"
    },
    "@std/encoding@1.0.10": {
      "integrity": "8783c6384a2d13abd5e9e87a7ae0520a30e9f56aeeaa3bdf910a3eaaf5c811a1"
    },
    "@std/fmt@1.0.8": {
      "integrity": "71e1fc498787e4434d213647a6e43e794af4fd393ef8f52062246e06f7e372b7"
    },
    "@std/fs@1.0.19": {
      "integrity": "051968c2b1eae4d2ea9f79a08a3845740ef6af10356aff43d3e2ef11ed09fb06",
      "dependencies": [
        "jsr:@std/internal",
        "jsr:@std/path"
      ]
    },
    "@std/html@1.0.4": {
      "integrity": "eff3497c08164e6ada49b7f81a28b5108087033823153d065e3f89467dd3d50e"
    },
    "@std/http@1.0.20": {
      "integrity": "b5cc33fc001bccce65ed4c51815668c9891c69ccd908295997e983d8f56070a1",
      "dependencies": [
        "jsr:@std/cli",
        "jsr:@std/encoding",
        "jsr:@std/fmt",
        "jsr:@std/fs",
        "jsr:@std/html",
        "jsr:@std/media-types",
        "jsr:@std/net",
        "jsr:@std/path",
        "jsr:@std/streams"
      ]
    },
    "@std/internal@1.0.10": {
      "integrity": "e3be62ce42cab0e177c27698e5d9800122f67b766a0bea6ca4867886cbde8cf7"
    },
    "@std/media-types@1.1.0": {
      "integrity": "c9d093f0c05c3512932b330e3cc1fe1d627b301db33a4c2c2185c02471d6eaa4"
    },
    "@std/net@1.0.4": {
      "integrity": "2f403b455ebbccf83d8a027d29c5a9e3a2452fea39bb2da7f2c04af09c8bc852"
    },
    "@std/path@1.1.1": {
      "integrity": "fe00026bd3a7e6a27f73709b83c607798be40e20c81dde655ce34052fd82ec76",
      "dependencies": [
        "jsr:@std/internal"
      ]
    },
    "@std/streams@1.0.10": {
      "integrity": "75c0b1431873cd0d8b3d679015220204d36d3c7420d93b60acfc379eb0dc30af"
    }
  },
  "npm": {
    "argparse@2.0.1": {
      "integrity": "sha512-8+9WqebbFzpX9OR+Wa6O29asIogeRMzcGtAINdpMHHyAg10f05aSFVBbcEqGf/PXw1EjAZ+q2/bEBg3DvurK3Q=="
    },
    "js-yaml@4.1.0": {
      "integrity": "sha512-wpxZs9NoxZaJESJGIZTyDEaYpl0FKSA+FB9aJiyemKhMwkxQg63h4T1KJgUGHpTqPDNRcmmYLugrRjJlBtWvRA==",
      "dependencies": [
        "argparse"
      ],
      "bin": true
    },
    "ts-blank-space@0.6.1": {
      "integrity": "sha512-LcM3W5HEyzTaXUeQITV8ploUOGe+zuuoFYsCfPscFLhx3bZn2sSfHMKxsULVG/zA7an9UhReiHv4Kk/6QzlpXQ==",
      "dependencies": [
        "typescript"
      ]
    },
    "typescript@5.8.3": {
      "integrity": "sha512-p1diW6TqL9L07nNxvRMM7hMMw4c5XOo/1ibL4aAIGmSAt9slTE1Xgw5KWuof2uTOvCg9BY7ZRi+GaF+7sfgPeQ==",
      "bin": true
    }
  },
  "remote": {
    "https://esm.sh/markdown-it-anchor@9.2.0/denonext/markdown-it-anchor.bundle.mjs": "36409368beea43153dec39c9cea2672b7e01ef6a555c7047fd60be000473a471",
    "https://esm.sh/markdown-it-anchor@9.2.0?bundle": "9eb1125538760c9d6987493213f1d511dc8e31ea99bc06757caffad266a149c1",
    "https://esm.sh/markdown-it-container@4.0.0/denonext/markdown-it-container.bundle.mjs": "15509207a4a05add1240b7f5986e6e638a0f67d1d60a3f136b1e48d96e676cdd",
    "https://esm.sh/markdown-it-container@4.0.0?bundle": "11342cbb7fb6471e4419925d53ce8f76cbd92249be3e4960132a496b5e0bbf9b",
    "https://esm.sh/markdown-it-highlightjs@4.2.0/denonext/markdown-it-highlightjs.bundle.mjs": "b3a9d53ab4d56451333542241eb948622a93d5989785fe1f1eeb66a3ee55d7b4",
    "https://esm.sh/markdown-it-highlightjs@4.2.0?bundle": "5bcd6d6a74acfc78ef15bde29be5ebcf59d3e68370594bf8b7731be33ab02076",
    "https://esm.sh/markdown-it@14.1.0/denonext/markdown-it.bundle.mjs": "281c354a32afc798f7563ea4f75c9a88942d61f54b6d1e4d3ddfee170e6ee058",
    "https://esm.sh/markdown-it@14.1.0?bundle": "726d0ed06b8244e6e0df322274265ae2b227c83c8bc4c7e5ddf333c541e41537"
  },
  "workspace": {
    "dependencies": [
      "jsr:@mastrojs/mastro@0.1.1"
    ]
  }
}
